
Microsoft Visual Studio Solution File, Format Version 12.00
# Visual Studio 2013
VisualStudioVersion = 12.0.21005.1
MinimumVisualStudioVersion = 10.0.40219.1
Project("{FAE04EC0-301F-11D3-BF4B-00C04F79EFBC}") = "01_PriceUpdateDragDrop", "XTAPI\C#\PriceUpdateDragDrop\01_PriceUpdateDragDrop.csproj", "{A4B0E775-AD46-4155-B3C4-C7B8ED22A54D}"
EndProject
Project("{FAE04EC0-301F-11D3-BF4B-00C04F79EFBC}") = "02_PriceUpdateManual", "XTAPI\C#\PriceUpdateManual\02_PriceUpdateManual.csproj", "{6C2A34A5-D01F-43D0-9612-6DD9341CDFB4}"
EndProject
Project("{FAE04EC0-301F-11D3-BF4B-00C04F79EFBC}") = "03_PriceUpdateMultiple", "XTAPI\C#\PriceUpdateMultiple\03_PriceUpdateMultiple.csproj", "{1EE15D7C-6895-450D-BE68-786F0D6833C0}"
EndProject
Project("{FAE04EC0-301F-11D3-BF4B-00C04F79EFBC}") = "04_PriceUpdateDepth", "XTAPI\C#\PriceUpdateDepth\04_PriceUpdateDepth.csproj", "{4666CBA9-5AC7-4AE5-B44E-9DF87CA39EA2}"
EndProject
Project("{FAE04EC0-301F-11D3-BF4B-00C04F79EFBC}") = "05_TimeAndSales", "XTAPI\C#\TimeAndSales\05_TimeAndSales.csproj", "{987AC18E-CC5A-44EE-BD40-EE58C13F87BA}"
EndProject
Project("{FAE04EC0-301F-11D3-BF4B-00C04F79EFBC}") = "06_SubmitOrder", "XTAPI\C#\SubmitOrder\06_SubmitOrder.csproj", "{9DDE74BD-DCE3-4EC6-AFBA-A48A4969F438}"
EndProject
Project("{FAE04EC0-301F-11D3-BF4B-00C04F79EFBC}") = "07_ModifyOrder", "XTAPI\C#\ModifyOrder\07_ModifyOrder.csproj", "{777E717E-5542-4EA8-A420-EA46DE59CCF7}"
EndProject
Project("{FAE04EC0-301F-11D3-BF4B-00C04F79EFBC}") = "09_FillUpdate", "XTAPI\C#\FillUpdate\09_FillUpdate.csproj", "{C32391FC-078F-4A8D-ABF2-4A66AB816C9D}"
EndProject
Project("{FAE04EC0-301F-11D3-BF4B-00C04F79EFBC}") = "10_OrderSelector", "XTAPI\C#\OrderSelector\10_OrderSelector.csproj", "{846BA2DA-86AE-4AFD-97C0-CB067ABD740E}"
EndProject
Project("{FAE04EC0-301F-11D3-BF4B-00C04F79EFBC}") = "11_ProfitLoss", "XTAPI\C#\ProfitLoss\11_ProfitLoss.csproj", "{040E72DC-773E-4002-9E5C-9871791CD430}"
EndProject
Project("{2150E333-8FDC-42A3-9474-1A3956D46DE8}") = "01-05 Prices", "01-05 Prices", "{277A13C3-8261-4C0F-873E-0175433AA0AA}"
EndProject
Project("{2150E333-8FDC-42A3-9474-1A3956D46DE8}") = "06-11 Orders and Fills", "06-11 Orders and Fills", "{31CF6FB2-C7BE-4835-97EC-1799FFEE3EBA}"
EndProject
Project("{FAE04EC0-301F-11D3-BF4B-00C04F79EFBC}") = "08_OrderUpdate", "XTAPI\C#\OrderUpdate\08_OrderUpdate.csproj", "{CDB8EE10-CAA1-402F-B5D7-CA27AD72478D}"
EndProject
Project("{2150E333-8FDC-42A3-9474-1A3956D46DE8}") = "12-17 Miscellaneous", "12-17 Miscellaneous", "{9DF2F39D-AB7E-47CB-AA34-C506B506FCDF}"
EndProject
Project("{FAE04EC0-301F-11D3-BF4B-00C04F79EFBC}") = "12_MonitorGateways", "XTAPI\C#\MonitorGateways\12_MonitorGateways.csproj", "{55137FE6-62FC-49C8-BFBD-31443323F7AB}"
EndProject
Project("{FAE04EC0-301F-11D3-BF4B-00C04F79EFBC}") = "13_ServerMode", "XTAPI\C#\ServerMode\13_ServerMode.csproj", "{22FCC78D-157E-4809-B2A4-98F90B5B4C66}"
EndProject
Project("{FAE04EC0-301F-11D3-BF4B-00C04F79EFBC}") = "14_MEAPI", "XTAPI\C#\MEAPI\14_MEAPI.csproj", "{6CDA8299-53C3-4E67-B623-EB27355E12AE}"
EndProject
Project("{FAE04EC0-301F-11D3-BF4B-00C04F79EFBC}") = "15_StartOfDay", "XTAPI\C#\StartOfDay\15_StartOfDay.csproj", "{54A8054A-7CF0-4A22-93C0-D2EE1767408A}"
EndProject
Project("{FAE04EC0-301F-11D3-BF4B-00C04F79EFBC}") = "16_ManualFill", "XTAPI\C#\ManualFill\16_ManualFill.csproj", "{E6AAE517-363B-4C75-8683-F334D6F00D17}"
EndProject
Project("{FAE04EC0-301F-11D3-BF4B-00C04F79EFBC}") = "17_HotKey", "XTAPI\C#\HotKey\17_HotKey.csproj", "{6ABED4DF-2688-4003-BD76-8626188BBE31}"
EndProject
Project("{FAE04EC0-301F-11D3-BF4B-00C04F79EFBC}") = "10A_PositionGrouper", "XTAPI\C#\PositionGrouper\10A_PositionGrouper.csproj", "{F90AAE7E-F5B2-4695-A1F0-6A8F00EDDAC9}"
EndProject
Project("{2150E333-8FDC-42A3-9474-1A3956D46DE8}") = "Prices", "Prices", "{05CEC270-38F8-4C86-993D-5EE6D85D65DC}"
EndProject
Project("{2150E333-8FDC-42A3-9474-1A3956D46DE8}") = "Orders and Fills", "Orders and Fills", "{CB7A967A-D5D0-4F7F-AFA2-AE5089D4DCDD}"
EndProject
Project("{2150E333-8FDC-42A3-9474-1A3956D46DE8}") = "Miscellaneous", "Miscellaneous", "{2FF03F0C-379C-45EC-8DD3-E1D8BDBD29ED}"
EndProject
Project("{2150E333-8FDC-42A3-9474-1A3956D46DE8}") = "Console", "Console", "{A1960269-4160-4AA3-A57C-B878882BEC51}"
EndProject
Project("{2150E333-8FDC-42A3-9474-1A3956D46DE8}") = "7.17.x", "7.17.x", "{5F5D964C-F905-4BC1-8981-147FA3824A1B}"
EndProject
Project("{FAE04EC0-301F-11D3-BF4B-00C04F79EFBC}") = "01_PriceUpdateDragDrop", "..\CodeSamples_TTAPI_CSharp-master\TTAPI\C#\7.17.x\PriceUpdateDragDrop\01_PriceUpdateDragDrop.csproj", "{3786B85F-5556-41B8-A724-CA91CF854772}"
EndProject
Project("{FAE04EC0-301F-11D3-BF4B-00C04F79EFBC}") = "02_PriceUpdateManual", "..\CodeSamples_TTAPI_CSharp-master\TTAPI\C#\7.17.x\PriceUpdateManual\02_PriceUpdateManual.csproj", "{2061A36F-3F86-4623-BFC2-0937ED7AC463}"
EndProject
Project("{FAE04EC0-301F-11D3-BF4B-00C04F79EFBC}") = "04_PriceUpdateDepth", "..\CodeSamples_TTAPI_CSharp-master\TTAPI\C#\7.17.x\PriceUpdateDepth\04_PriceUpdateDepth.csproj", "{FC14C5EF-772A-4787-B57B-829DA1BEA265}"
EndProject
Project("{FAE04EC0-301F-11D3-BF4B-00C04F79EFBC}") = "05_TimeAndSales", "..\CodeSamples_TTAPI_CSharp-master\TTAPI\C#\7.17.x\TimeAndSales\05_TimeAndSales.csproj", "{24FC0C0E-CE83-4669-BBA0-98FC46265FF9}"
EndProject
Project("{2150E333-8FDC-42A3-9474-1A3956D46DE8}") = "7.17.x", "7.17.x", "{C2BF762D-7268-4DD3-95EE-31B8ABBA3CBB}"
EndProject
Project("{FAE04EC0-301F-11D3-BF4B-00C04F79EFBC}") = "06_SubmitOrder", "..\CodeSamples_TTAPI_CSharp-master\TTAPI\C#\7.17.x\SubmitOrder\06_SubmitOrder.csproj", "{51C2D916-7238-4D6F-AE27-AB3A4669EA18}"
EndProject
Project("{FAE04EC0-301F-11D3-BF4B-00C04F79EFBC}") = "07_ModifyOrder", "..\CodeSamples_TTAPI_CSharp-master\TTAPI\C#\7.17.x\ModifyOrder\07_ModifyOrder.csproj", "{06FC6E0D-D6E7-4395-9D85-0E99C4707955}"
EndProject
Project("{FAE04EC0-301F-11D3-BF4B-00C04F79EFBC}") = "08_OrderUpdate", "..\CodeSamples_TTAPI_CSharp-master\TTAPI\C#\7.17.x\OrderUpdate\08_OrderUpdate.csproj", "{2F5B0C3F-CF92-4E5D-A580-6494D7874641}"
EndProject
Project("{FAE04EC0-301F-11D3-BF4B-00C04F79EFBC}") = "10_OrderFilter", "..\CodeSamples_TTAPI_CSharp-master\TTAPI\C#\7.17.x\OrderFilter\10_OrderFilter.csproj", "{AB296E6B-D0F6-4E8F-AC25-27DBD2BEA609}"
EndProject
Project("{FAE04EC0-301F-11D3-BF4B-00C04F79EFBC}") = "11_ProfitLoss", "..\CodeSamples_TTAPI_CSharp-master\TTAPI\C#\7.17.x\ProfitLoss\11_ProfitLoss.csproj", "{0226485F-D0D3-4BB0-8A4D-720AE52A24C5}"
EndProject
Project("{2150E333-8FDC-42A3-9474-1A3956D46DE8}") = "7.17.x", "7.17.x", "{3BC70A81-854B-4737-92C4-A7EC7EF2A2E5}"
EndProject
Project("{2150E333-8FDC-42A3-9474-1A3956D46DE8}") = "7.17.x", "7.17.x", "{2541D3F3-7BC1-435A-826E-9F3C18D5E39C}"
EndProject
Project("{FAE04EC0-301F-11D3-BF4B-00C04F79EFBC}") = "12_MarketExplorer", "..\CodeSamples_TTAPI_CSharp-master\TTAPI\C#\7.17.x\MarketExplorer\12_MarketExplorer.csproj", "{E7547979-19C1-4083-871B-1FD1C3C87377}"
EndProject
Project("{FAE04EC0-301F-11D3-BF4B-00C04F79EFBC}") = "12_SOD_ManualFill", "..\CodeSamples_TTAPI_CSharp-master\TTAPI\C#\7.17.x\SOD_ManualFill\12_SOD_ManualFill.csproj", "{35EA4A2A-01E9-4496-A515-A5B8A494C6FC}"
EndProject
Project("{FAE04EC0-301F-11D3-BF4B-00C04F79EFBC}") = "TTAPI_Console_PriceSubscription_MT", "..\CodeSamples_TTAPI_CSharp-master\TTAPI\C#\7.17.x\TTAPI_Console_PriceSubscription_MT\TTAPI_Console_PriceSubscription_MT\TTAPI_Console_PriceSubscription_MT.csproj", "{E8CBCF8C-FEEA-46A0-B2D2-A6AE824D4BFF}"
EndProject
Project("{FAE04EC0-301F-11D3-BF4B-00C04F79EFBC}") = "TTAPI_Sample_Console_ASEOrderRouting", "..\CodeSamples_TTAPI_CSharp-master\TTAPI\C#\7.17.x\TTAPI_Sample_Console_ASEOrderRouting\TTAPI_Sample_Console_ASEOrderRouting\TTAPI_Sample_Console_ASEOrderRouting.csproj", "{9E3D323F-69DB-4DA4-99AD-6705CC50D6A9}"
EndProject
Project("{FAE04EC0-301F-11D3-BF4B-00C04F79EFBC}") = "TTAPI_Sample_Console_FillSubscription", "..\CodeSamples_TTAPI_CSharp-master\TTAPI\C#\7.17.x\TTAPI_Sample_Console_FillSubscription\TTAPI_Sample_Console_FillSubscription\TTAPI_Sample_Console_FillSubscription.csproj", "{453D9679-F2B1-45BD-A25A-BB9D724EFD92}"
EndProject
Project("{FAE04EC0-301F-11D3-BF4B-00C04F79EFBC}") = "TTAPI_Sample_Console_OrderRouting", "..\CodeSamples_TTAPI_CSharp-master\TTAPI\C#\7.17.x\TTAPI_Sample_Console_OrderRouting\TTAPI_Sample_Console_OrderRouting\TTAPI_Sample_Console_OrderRouting.csproj", "{E72398D4-B9F0-4F09-BD65-AB7561CF26FC}"
EndProject
Project("{FAE04EC0-301F-11D3-BF4B-00C04F79EFBC}") = "TTAPI_Sample_Console_PriceDepthSubscription", "..\CodeSamples_TTAPI_CSharp-master\TTAPI\C#\7.17.x\TTAPI_Sample_Console_PriceDepthSubscription\TTAPI_Sample_Console_PriceDepthSubscription\TTAPI_Sample_Console_PriceDepthSubscription.csproj", "{809DFDF0-739E-4053-AA1F-AA4103BCD0F8}"
EndProject
Project("{FAE04EC0-301F-11D3-BF4B-00C04F79EFBC}") = "TTAPI_Sample_Console_PriceSubscription", "..\CodeSamples_TTAPI_CSharp-master\TTAPI\C#\7.17.x\TTAPI_Sample_Console_PriceSubscription\TTAPI_Sample_Console_PriceSubscription\TTAPI_Sample_Console_PriceSubscription.csproj", "{5E72C5B1-7215-4E03-BD03-415AD2169AE4}"
EndProject
Project("{FAE04EC0-301F-11D3-BF4B-00C04F79EFBC}") = "TTAPI_Sample_Console_SSEOrderRouting", "..\CodeSamples_TTAPI_CSharp-master\TTAPI\C#\7.17.x\TTAPI_Sample_Console_SSEOrderRouting\TTAPI_Sample_Console_SSEOrderRouting\TTAPI_Sample_Console_SSEOrderRouting.csproj", "{07809E87-0420-40F6-B872-055A0118E678}"
EndProject
Project("{FAE04EC0-301F-11D3-BF4B-00C04F79EFBC}") = "TTAPI_Sample_Console_TimeAndSales", "..\CodeSamples_TTAPI_CSharp-master\TTAPI\C#\7.17.x\TTAPI_Sample_Console_TimeAndSales\TTAPI_Sample_Console_TimeAndSales\TTAPI_Sample_Console_TimeAndSales.csproj", "{DC6BEF0C-E565-4974-ACE4-3DAEE66D6972}"
EndProject
Global
	GlobalSection(SolutionConfigurationPlatforms) = preSolution
		Debug|Any CPU = Debug|Any CPU
		Debug|Mixed Platforms = Debug|Mixed Platforms
		Debug|x64 = Debug|x64
		Debug|x86 = Debug|x86
		Release|Any CPU = Release|Any CPU
		Release|Mixed Platforms = Release|Mixed Platforms
		Release|x64 = Release|x64
		Release|x86 = Release|x86
	EndGlobalSection
	GlobalSection(ProjectConfigurationPlatforms) = postSolution
		{A4B0E775-AD46-4155-B3C4-C7B8ED22A54D}.Debug|Any CPU.ActiveCfg = Debug|Any CPU
		{A4B0E775-AD46-4155-B3C4-C7B8ED22A54D}.Debug|Any CPU.Build.0 = Debug|Any CPU
		{A4B0E775-AD46-4155-B3C4-C7B8ED22A54D}.Debug|Mixed Platforms.ActiveCfg = Debug|x86
		{A4B0E775-AD46-4155-B3C4-C7B8ED22A54D}.Debug|Mixed Platforms.Build.0 = Debug|x86
		{A4B0E775-AD46-4155-B3C4-C7B8ED22A54D}.Debug|x64.ActiveCfg = Debug|Any CPU
		{A4B0E775-AD46-4155-B3C4-C7B8ED22A54D}.Debug|x86.ActiveCfg = Debug|x86
		{A4B0E775-AD46-4155-B3C4-C7B8ED22A54D}.Debug|x86.Build.0 = Debug|x86
		{A4B0E775-AD46-4155-B3C4-C7B8ED22A54D}.Release|Any CPU.ActiveCfg = Release|Any CPU
		{A4B0E775-AD46-4155-B3C4-C7B8ED22A54D}.Release|Any CPU.Build.0 = Release|Any CPU
		{A4B0E775-AD46-4155-B3C4-C7B8ED22A54D}.Release|Mixed Platforms.ActiveCfg = Release|x86
		{A4B0E775-AD46-4155-B3C4-C7B8ED22A54D}.Release|Mixed Platforms.Build.0 = Release|x86
		{A4B0E775-AD46-4155-B3C4-C7B8ED22A54D}.Release|x64.ActiveCfg = Release|Any CPU
		{A4B0E775-AD46-4155-B3C4-C7B8ED22A54D}.Release|x86.ActiveCfg = Release|x86
		{A4B0E775-AD46-4155-B3C4-C7B8ED22A54D}.Release|x86.Build.0 = Release|x86
		{6C2A34A5-D01F-43D0-9612-6DD9341CDFB4}.Debug|Any CPU.ActiveCfg = Debug|Any CPU
		{6C2A34A5-D01F-43D0-9612-6DD9341CDFB4}.Debug|Any CPU.Build.0 = Debug|Any CPU
		{6C2A34A5-D01F-43D0-9612-6DD9341CDFB4}.Debug|Mixed Platforms.ActiveCfg = Debug|x86
		{6C2A34A5-D01F-43D0-9612-6DD9341CDFB4}.Debug|Mixed Platforms.Build.0 = Debug|x86
		{6C2A34A5-D01F-43D0-9612-6DD9341CDFB4}.Debug|x64.ActiveCfg = Debug|Any CPU
		{6C2A34A5-D01F-43D0-9612-6DD9341CDFB4}.Debug|x86.ActiveCfg = Debug|x86
		{6C2A34A5-D01F-43D0-9612-6DD9341CDFB4}.Debug|x86.Build.0 = Debug|x86
		{6C2A34A5-D01F-43D0-9612-6DD9341CDFB4}.Release|Any CPU.ActiveCfg = Release|Any CPU
		{6C2A34A5-D01F-43D0-9612-6DD9341CDFB4}.Release|Any CPU.Build.0 = Release|Any CPU
		{6C2A34A5-D01F-43D0-9612-6DD9341CDFB4}.Release|Mixed Platforms.ActiveCfg = Release|x86
		{6C2A34A5-D01F-43D0-9612-6DD9341CDFB4}.Release|Mixed Platforms.Build.0 = Release|x86
		{6C2A34A5-D01F-43D0-9612-6DD9341CDFB4}.Release|x64.ActiveCfg = Release|Any CPU
		{6C2A34A5-D01F-43D0-9612-6DD9341CDFB4}.Release|x86.ActiveCfg = Release|x86
		{6C2A34A5-D01F-43D0-9612-6DD9341CDFB4}.Release|x86.Build.0 = Release|x86
		{1EE15D7C-6895-450D-BE68-786F0D6833C0}.Debug|Any CPU.ActiveCfg = Debug|Any CPU
		{1EE15D7C-6895-450D-BE68-786F0D6833C0}.Debug|Any CPU.Build.0 = Debug|Any CPU
		{1EE15D7C-6895-450D-BE68-786F0D6833C0}.Debug|Mixed Platforms.ActiveCfg = Debug|x86
		{1EE15D7C-6895-450D-BE68-786F0D6833C0}.Debug|Mixed Platforms.Build.0 = Debug|x86
		{1EE15D7C-6895-450D-BE68-786F0D6833C0}.Debug|x64.ActiveCfg = Debug|Any CPU
		{1EE15D7C-6895-450D-BE68-786F0D6833C0}.Debug|x86.ActiveCfg = Debug|x86
		{1EE15D7C-6895-450D-BE68-786F0D6833C0}.Debug|x86.Build.0 = Debug|x86
		{1EE15D7C-6895-450D-BE68-786F0D6833C0}.Release|Any CPU.ActiveCfg = Release|Any CPU
		{1EE15D7C-6895-450D-BE68-786F0D6833C0}.Release|Any CPU.Build.0 = Release|Any CPU
		{1EE15D7C-6895-450D-BE68-786F0D6833C0}.Release|Mixed Platforms.ActiveCfg = Release|x86
		{1EE15D7C-6895-450D-BE68-786F0D6833C0}.Release|Mixed Platforms.Build.0 = Release|x86
		{1EE15D7C-6895-450D-BE68-786F0D6833C0}.Release|x64.ActiveCfg = Release|Any CPU
		{1EE15D7C-6895-450D-BE68-786F0D6833C0}.Release|x86.ActiveCfg = Release|x86
		{1EE15D7C-6895-450D-BE68-786F0D6833C0}.Release|x86.Build.0 = Release|x86
		{4666CBA9-5AC7-4AE5-B44E-9DF87CA39EA2}.Debug|Any CPU.ActiveCfg = Debug|Any CPU
		{4666CBA9-5AC7-4AE5-B44E-9DF87CA39EA2}.Debug|Any CPU.Build.0 = Debug|Any CPU
		{4666CBA9-5AC7-4AE5-B44E-9DF87CA39EA2}.Debug|Mixed Platforms.ActiveCfg = Debug|x86
		{4666CBA9-5AC7-4AE5-B44E-9DF87CA39EA2}.Debug|Mixed Platforms.Build.0 = Debug|x86
		{4666CBA9-5AC7-4AE5-B44E-9DF87CA39EA2}.Debug|x64.ActiveCfg = Debug|Any CPU
		{4666CBA9-5AC7-4AE5-B44E-9DF87CA39EA2}.Debug|x86.ActiveCfg = Debug|x86
		{4666CBA9-5AC7-4AE5-B44E-9DF87CA39EA2}.Debug|x86.Build.0 = Debug|x86
		{4666CBA9-5AC7-4AE5-B44E-9DF87CA39EA2}.Release|Any CPU.ActiveCfg = Release|Any CPU
		{4666CBA9-5AC7-4AE5-B44E-9DF87CA39EA2}.Release|Any CPU.Build.0 = Release|Any CPU
		{4666CBA9-5AC7-4AE5-B44E-9DF87CA39EA2}.Release|Mixed Platforms.ActiveCfg = Release|x86
		{4666CBA9-5AC7-4AE5-B44E-9DF87CA39EA2}.Release|Mixed Platforms.Build.0 = Release|x86
		{4666CBA9-5AC7-4AE5-B44E-9DF87CA39EA2}.Release|x64.ActiveCfg = Release|Any CPU
		{4666CBA9-5AC7-4AE5-B44E-9DF87CA39EA2}.Release|x86.ActiveCfg = Release|x86
		{4666CBA9-5AC7-4AE5-B44E-9DF87CA39EA2}.Release|x86.Build.0 = Release|x86
		{987AC18E-CC5A-44EE-BD40-EE58C13F87BA}.Debug|Any CPU.ActiveCfg = Debug|Any CPU
		{987AC18E-CC5A-44EE-BD40-EE58C13F87BA}.Debug|Any CPU.Build.0 = Debug|Any CPU
		{987AC18E-CC5A-44EE-BD40-EE58C13F87BA}.Debug|Mixed Platforms.ActiveCfg = Debug|x86
		{987AC18E-CC5A-44EE-BD40-EE58C13F87BA}.Debug|Mixed Platforms.Build.0 = Debug|x86
		{987AC18E-CC5A-44EE-BD40-EE58C13F87BA}.Debug|x64.ActiveCfg = Debug|Any CPU
		{987AC18E-CC5A-44EE-BD40-EE58C13F87BA}.Debug|x86.ActiveCfg = Debug|x86
		{987AC18E-CC5A-44EE-BD40-EE58C13F87BA}.Debug|x86.Build.0 = Debug|x86
		{987AC18E-CC5A-44EE-BD40-EE58C13F87BA}.Release|Any CPU.ActiveCfg = Release|Any CPU
		{987AC18E-CC5A-44EE-BD40-EE58C13F87BA}.Release|Any CPU.Build.0 = Release|Any CPU
		{987AC18E-CC5A-44EE-BD40-EE58C13F87BA}.Release|Mixed Platforms.ActiveCfg = Release|x86
		{987AC18E-CC5A-44EE-BD40-EE58C13F87BA}.Release|Mixed Platforms.Build.0 = Release|x86
		{987AC18E-CC5A-44EE-BD40-EE58C13F87BA}.Release|x64.ActiveCfg = Release|Any CPU
		{987AC18E-CC5A-44EE-BD40-EE58C13F87BA}.Release|x86.ActiveCfg = Release|x86
		{987AC18E-CC5A-44EE-BD40-EE58C13F87BA}.Release|x86.Build.0 = Release|x86
		{9DDE74BD-DCE3-4EC6-AFBA-A48A4969F438}.Debug|Any CPU.ActiveCfg = Debug|Any CPU
		{9DDE74BD-DCE3-4EC6-AFBA-A48A4969F438}.Debug|Any CPU.Build.0 = Debug|Any CPU
		{9DDE74BD-DCE3-4EC6-AFBA-A48A4969F438}.Debug|Mixed Platforms.ActiveCfg = Debug|x86
		{9DDE74BD-DCE3-4EC6-AFBA-A48A4969F438}.Debug|Mixed Platforms.Build.0 = Debug|x86
		{9DDE74BD-DCE3-4EC6-AFBA-A48A4969F438}.Debug|x64.ActiveCfg = Debug|Any CPU
		{9DDE74BD-DCE3-4EC6-AFBA-A48A4969F438}.Debug|x86.ActiveCfg = Debug|x86
		{9DDE74BD-DCE3-4EC6-AFBA-A48A4969F438}.Debug|x86.Build.0 = Debug|x86
		{9DDE74BD-DCE3-4EC6-AFBA-A48A4969F438}.Release|Any CPU.ActiveCfg = Release|Any CPU
		{9DDE74BD-DCE3-4EC6-AFBA-A48A4969F438}.Release|Any CPU.Build.0 = Release|Any CPU
		{9DDE74BD-DCE3-4EC6-AFBA-A48A4969F438}.Release|Mixed Platforms.ActiveCfg = Release|x86
		{9DDE74BD-DCE3-4EC6-AFBA-A48A4969F438}.Release|Mixed Platforms.Build.0 = Release|x86
		{9DDE74BD-DCE3-4EC6-AFBA-A48A4969F438}.Release|x64.ActiveCfg = Release|Any CPU
		{9DDE74BD-DCE3-4EC6-AFBA-A48A4969F438}.Release|x86.ActiveCfg = Release|x86
		{9DDE74BD-DCE3-4EC6-AFBA-A48A4969F438}.Release|x86.Build.0 = Release|x86
		{777E717E-5542-4EA8-A420-EA46DE59CCF7}.Debug|Any CPU.ActiveCfg = Debug|Any CPU
		{777E717E-5542-4EA8-A420-EA46DE59CCF7}.Debug|Any CPU.Build.0 = Debug|Any CPU
		{777E717E-5542-4EA8-A420-EA46DE59CCF7}.Debug|Mixed Platforms.ActiveCfg = Debug|x86
		{777E717E-5542-4EA8-A420-EA46DE59CCF7}.Debug|Mixed Platforms.Build.0 = Debug|x86
		{777E717E-5542-4EA8-A420-EA46DE59CCF7}.Debug|x64.ActiveCfg = Debug|Any CPU
		{777E717E-5542-4EA8-A420-EA46DE59CCF7}.Debug|x86.ActiveCfg = Debug|x86
		{777E717E-5542-4EA8-A420-EA46DE59CCF7}.Debug|x86.Build.0 = Debug|x86
		{777E717E-5542-4EA8-A420-EA46DE59CCF7}.Release|Any CPU.ActiveCfg = Release|Any CPU
		{777E717E-5542-4EA8-A420-EA46DE59CCF7}.Release|Any CPU.Build.0 = Release|Any CPU
		{777E717E-5542-4EA8-A420-EA46DE59CCF7}.Release|Mixed Platforms.ActiveCfg = Release|x86
		{777E717E-5542-4EA8-A420-EA46DE59CCF7}.Release|Mixed Platforms.Build.0 = Release|x86
		{777E717E-5542-4EA8-A420-EA46DE59CCF7}.Release|x64.ActiveCfg = Release|Any CPU
		{777E717E-5542-4EA8-A420-EA46DE59CCF7}.Release|x86.ActiveCfg = Release|x86
		{777E717E-5542-4EA8-A420-EA46DE59CCF7}.Release|x86.Build.0 = Release|x86
		{C32391FC-078F-4A8D-ABF2-4A66AB816C9D}.Debug|Any CPU.ActiveCfg = Debug|Any CPU
		{C32391FC-078F-4A8D-ABF2-4A66AB816C9D}.Debug|Any CPU.Build.0 = Debug|Any CPU
		{C32391FC-078F-4A8D-ABF2-4A66AB816C9D}.Debug|Mixed Platforms.ActiveCfg = Debug|x86
		{C32391FC-078F-4A8D-ABF2-4A66AB816C9D}.Debug|Mixed Platforms.Build.0 = Debug|x86
		{C32391FC-078F-4A8D-ABF2-4A66AB816C9D}.Debug|x64.ActiveCfg = Debug|Any CPU
		{C32391FC-078F-4A8D-ABF2-4A66AB816C9D}.Debug|x86.ActiveCfg = Debug|x86
		{C32391FC-078F-4A8D-ABF2-4A66AB816C9D}.Debug|x86.Build.0 = Debug|x86
		{C32391FC-078F-4A8D-ABF2-4A66AB816C9D}.Release|Any CPU.ActiveCfg = Release|Any CPU
		{C32391FC-078F-4A8D-ABF2-4A66AB816C9D}.Release|Any CPU.Build.0 = Release|Any CPU
		{C32391FC-078F-4A8D-ABF2-4A66AB816C9D}.Release|Mixed Platforms.ActiveCfg = Release|x86
		{C32391FC-078F-4A8D-ABF2-4A66AB816C9D}.Release|Mixed Platforms.Build.0 = Release|x86
		{C32391FC-078F-4A8D-ABF2-4A66AB816C9D}.Release|x64.ActiveCfg = Release|Any CPU
		{C32391FC-078F-4A8D-ABF2-4A66AB816C9D}.Release|x86.ActiveCfg = Release|x86
		{C32391FC-078F-4A8D-ABF2-4A66AB816C9D}.Release|x86.Build.0 = Release|x86
		{846BA2DA-86AE-4AFD-97C0-CB067ABD740E}.Debug|Any CPU.ActiveCfg = Debug|Any CPU
		{846BA2DA-86AE-4AFD-97C0-CB067ABD740E}.Debug|Any CPU.Build.0 = Debug|Any CPU
		{846BA2DA-86AE-4AFD-97C0-CB067ABD740E}.Debug|Mixed Platforms.ActiveCfg = Debug|x86
		{846BA2DA-86AE-4AFD-97C0-CB067ABD740E}.Debug|Mixed Platforms.Build.0 = Debug|x86
		{846BA2DA-86AE-4AFD-97C0-CB067ABD740E}.Debug|x64.ActiveCfg = Debug|Any CPU
		{846BA2DA-86AE-4AFD-97C0-CB067ABD740E}.Debug|x86.ActiveCfg = Debug|x86
		{846BA2DA-86AE-4AFD-97C0-CB067ABD740E}.Debug|x86.Build.0 = Debug|x86
		{846BA2DA-86AE-4AFD-97C0-CB067ABD740E}.Release|Any CPU.ActiveCfg = Release|Any CPU
		{846BA2DA-86AE-4AFD-97C0-CB067ABD740E}.Release|Any CPU.Build.0 = Release|Any CPU
		{846BA2DA-86AE-4AFD-97C0-CB067ABD740E}.Release|Mixed Platforms.ActiveCfg = Release|x86
		{846BA2DA-86AE-4AFD-97C0-CB067ABD740E}.Release|Mixed Platforms.Build.0 = Release|x86
		{846BA2DA-86AE-4AFD-97C0-CB067ABD740E}.Release|x64.ActiveCfg = Release|Any CPU
		{846BA2DA-86AE-4AFD-97C0-CB067ABD740E}.Release|x86.ActiveCfg = Release|x86
		{846BA2DA-86AE-4AFD-97C0-CB067ABD740E}.Release|x86.Build.0 = Release|x86
		{040E72DC-773E-4002-9E5C-9871791CD430}.Debug|Any CPU.ActiveCfg = Debug|Any CPU
		{040E72DC-773E-4002-9E5C-9871791CD430}.Debug|Any CPU.Build.0 = Debug|Any CPU
		{040E72DC-773E-4002-9E5C-9871791CD430}.Debug|Mixed Platforms.ActiveCfg = Debug|x86
		{040E72DC-773E-4002-9E5C-9871791CD430}.Debug|Mixed Platforms.Build.0 = Debug|x86
		{040E72DC-773E-4002-9E5C-9871791CD430}.Debug|x64.ActiveCfg = Debug|Any CPU
		{040E72DC-773E-4002-9E5C-9871791CD430}.Debug|x86.ActiveCfg = Debug|x86
		{040E72DC-773E-4002-9E5C-9871791CD430}.Debug|x86.Build.0 = Debug|x86
		{040E72DC-773E-4002-9E5C-9871791CD430}.Release|Any CPU.ActiveCfg = Release|Any CPU
		{040E72DC-773E-4002-9E5C-9871791CD430}.Release|Any CPU.Build.0 = Release|Any CPU
		{040E72DC-773E-4002-9E5C-9871791CD430}.Release|Mixed Platforms.ActiveCfg = Release|x86
		{040E72DC-773E-4002-9E5C-9871791CD430}.Release|Mixed Platforms.Build.0 = Release|x86
		{040E72DC-773E-4002-9E5C-9871791CD430}.Release|x64.ActiveCfg = Release|Any CPU
		{040E72DC-773E-4002-9E5C-9871791CD430}.Release|x86.ActiveCfg = Release|x86
		{040E72DC-773E-4002-9E5C-9871791CD430}.Release|x86.Build.0 = Release|x86
		{CDB8EE10-CAA1-402F-B5D7-CA27AD72478D}.Debug|Any CPU.ActiveCfg = Debug|Any CPU
		{CDB8EE10-CAA1-402F-B5D7-CA27AD72478D}.Debug|Any CPU.Build.0 = Debug|Any CPU
		{CDB8EE10-CAA1-402F-B5D7-CA27AD72478D}.Debug|Mixed Platforms.ActiveCfg = Debug|x86
		{CDB8EE10-CAA1-402F-B5D7-CA27AD72478D}.Debug|Mixed Platforms.Build.0 = Debug|x86
		{CDB8EE10-CAA1-402F-B5D7-CA27AD72478D}.Debug|x64.ActiveCfg = Debug|Any CPU
		{CDB8EE10-CAA1-402F-B5D7-CA27AD72478D}.Debug|x86.ActiveCfg = Debug|x86
		{CDB8EE10-CAA1-402F-B5D7-CA27AD72478D}.Debug|x86.Build.0 = Debug|x86
		{CDB8EE10-CAA1-402F-B5D7-CA27AD72478D}.Release|Any CPU.ActiveCfg = Release|Any CPU
		{CDB8EE10-CAA1-402F-B5D7-CA27AD72478D}.Release|Any CPU.Build.0 = Release|Any CPU
		{CDB8EE10-CAA1-402F-B5D7-CA27AD72478D}.Release|Mixed Platforms.ActiveCfg = Release|x86
		{CDB8EE10-CAA1-402F-B5D7-CA27AD72478D}.Release|Mixed Platforms.Build.0 = Release|x86
		{CDB8EE10-CAA1-402F-B5D7-CA27AD72478D}.Release|x64.ActiveCfg = Release|Any CPU
		{CDB8EE10-CAA1-402F-B5D7-CA27AD72478D}.Release|x86.ActiveCfg = Release|x86
		{CDB8EE10-CAA1-402F-B5D7-CA27AD72478D}.Release|x86.Build.0 = Release|x86
		{55137FE6-62FC-49C8-BFBD-31443323F7AB}.Debug|Any CPU.ActiveCfg = Debug|Any CPU
		{55137FE6-62FC-49C8-BFBD-31443323F7AB}.Debug|Any CPU.Build.0 = Debug|Any CPU
		{55137FE6-62FC-49C8-BFBD-31443323F7AB}.Debug|Mixed Platforms.ActiveCfg = Debug|x86
		{55137FE6-62FC-49C8-BFBD-31443323F7AB}.Debug|Mixed Platforms.Build.0 = Debug|x86
		{55137FE6-62FC-49C8-BFBD-31443323F7AB}.Debug|x64.ActiveCfg = Debug|Any CPU
		{55137FE6-62FC-49C8-BFBD-31443323F7AB}.Debug|x86.ActiveCfg = Debug|x86
		{55137FE6-62FC-49C8-BFBD-31443323F7AB}.Debug|x86.Build.0 = Debug|x86
		{55137FE6-62FC-49C8-BFBD-31443323F7AB}.Release|Any CPU.ActiveCfg = Release|Any CPU
		{55137FE6-62FC-49C8-BFBD-31443323F7AB}.Release|Any CPU.Build.0 = Release|Any CPU
		{55137FE6-62FC-49C8-BFBD-31443323F7AB}.Release|Mixed Platforms.ActiveCfg = Release|x86
		{55137FE6-62FC-49C8-BFBD-31443323F7AB}.Release|Mixed Platforms.Build.0 = Release|x86
		{55137FE6-62FC-49C8-BFBD-31443323F7AB}.Release|x64.ActiveCfg = Release|Any CPU
		{55137FE6-62FC-49C8-BFBD-31443323F7AB}.Release|x86.ActiveCfg = Release|x86
		{55137FE6-62FC-49C8-BFBD-31443323F7AB}.Release|x86.Build.0 = Release|x86
		{22FCC78D-157E-4809-B2A4-98F90B5B4C66}.Debug|Any CPU.ActiveCfg = Debug|Any CPU
		{22FCC78D-157E-4809-B2A4-98F90B5B4C66}.Debug|Any CPU.Build.0 = Debug|Any CPU
		{22FCC78D-157E-4809-B2A4-98F90B5B4C66}.Debug|Mixed Platforms.ActiveCfg = Debug|x86
		{22FCC78D-157E-4809-B2A4-98F90B5B4C66}.Debug|Mixed Platforms.Build.0 = Debug|x86
		{22FCC78D-157E-4809-B2A4-98F90B5B4C66}.Debug|x64.ActiveCfg = Debug|Any CPU
		{22FCC78D-157E-4809-B2A4-98F90B5B4C66}.Debug|x86.ActiveCfg = Debug|x86
		{22FCC78D-157E-4809-B2A4-98F90B5B4C66}.Debug|x86.Build.0 = Debug|x86
		{22FCC78D-157E-4809-B2A4-98F90B5B4C66}.Release|Any CPU.ActiveCfg = Release|Any CPU
		{22FCC78D-157E-4809-B2A4-98F90B5B4C66}.Release|Any CPU.Build.0 = Release|Any CPU
		{22FCC78D-157E-4809-B2A4-98F90B5B4C66}.Release|Mixed Platforms.ActiveCfg = Release|x86
		{22FCC78D-157E-4809-B2A4-98F90B5B4C66}.Release|Mixed Platforms.Build.0 = Release|x86
		{22FCC78D-157E-4809-B2A4-98F90B5B4C66}.Release|x64.ActiveCfg = Release|Any CPU
		{22FCC78D-157E-4809-B2A4-98F90B5B4C66}.Release|x86.ActiveCfg = Release|x86
		{22FCC78D-157E-4809-B2A4-98F90B5B4C66}.Release|x86.Build.0 = Release|x86
		{6CDA8299-53C3-4E67-B623-EB27355E12AE}.Debug|Any CPU.ActiveCfg = Debug|Any CPU
		{6CDA8299-53C3-4E67-B623-EB27355E12AE}.Debug|Any CPU.Build.0 = Debug|Any CPU
		{6CDA8299-53C3-4E67-B623-EB27355E12AE}.Debug|Mixed Platforms.ActiveCfg = Debug|x86
		{6CDA8299-53C3-4E67-B623-EB27355E12AE}.Debug|Mixed Platforms.Build.0 = Debug|x86
		{6CDA8299-53C3-4E67-B623-EB27355E12AE}.Debug|x64.ActiveCfg = Debug|Any CPU
		{6CDA8299-53C3-4E67-B623-EB27355E12AE}.Debug|x86.ActiveCfg = Debug|x86
		{6CDA8299-53C3-4E67-B623-EB27355E12AE}.Debug|x86.Build.0 = Debug|x86
		{6CDA8299-53C3-4E67-B623-EB27355E12AE}.Release|Any CPU.ActiveCfg = Release|Any CPU
		{6CDA8299-53C3-4E67-B623-EB27355E12AE}.Release|Any CPU.Build.0 = Release|Any CPU
		{6CDA8299-53C3-4E67-B623-EB27355E12AE}.Release|Mixed Platforms.ActiveCfg = Release|x86
		{6CDA8299-53C3-4E67-B623-EB27355E12AE}.Release|Mixed Platforms.Build.0 = Release|x86
		{6CDA8299-53C3-4E67-B623-EB27355E12AE}.Release|x64.ActiveCfg = Release|Any CPU
		{6CDA8299-53C3-4E67-B623-EB27355E12AE}.Release|x86.ActiveCfg = Release|x86
		{6CDA8299-53C3-4E67-B623-EB27355E12AE}.Release|x86.Build.0 = Release|x86
		{54A8054A-7CF0-4A22-93C0-D2EE1767408A}.Debug|Any CPU.ActiveCfg = Debug|x86
		{54A8054A-7CF0-4A22-93C0-D2EE1767408A}.Debug|Mixed Platforms.ActiveCfg = Debug|x86
		{54A8054A-7CF0-4A22-93C0-D2EE1767408A}.Debug|Mixed Platforms.Build.0 = Debug|x86
		{54A8054A-7CF0-4A22-93C0-D2EE1767408A}.Debug|x64.ActiveCfg = Debug|x86
		{54A8054A-7CF0-4A22-93C0-D2EE1767408A}.Debug|x86.ActiveCfg = Debug|x86
		{54A8054A-7CF0-4A22-93C0-D2EE1767408A}.Debug|x86.Build.0 = Debug|x86
		{54A8054A-7CF0-4A22-93C0-D2EE1767408A}.Release|Any CPU.ActiveCfg = Release|x86
		{54A8054A-7CF0-4A22-93C0-D2EE1767408A}.Release|Mixed Platforms.ActiveCfg = Release|x86
		{54A8054A-7CF0-4A22-93C0-D2EE1767408A}.Release|Mixed Platforms.Build.0 = Release|x86
		{54A8054A-7CF0-4A22-93C0-D2EE1767408A}.Release|x64.ActiveCfg = Release|x86
		{54A8054A-7CF0-4A22-93C0-D2EE1767408A}.Release|x86.ActiveCfg = Release|x86
		{54A8054A-7CF0-4A22-93C0-D2EE1767408A}.Release|x86.Build.0 = Release|x86
		{E6AAE517-363B-4C75-8683-F334D6F00D17}.Debug|Any CPU.ActiveCfg = Debug|x86
		{E6AAE517-363B-4C75-8683-F334D6F00D17}.Debug|Mixed Platforms.ActiveCfg = Debug|x86
		{E6AAE517-363B-4C75-8683-F334D6F00D17}.Debug|Mixed Platforms.Build.0 = Debug|x86
		{E6AAE517-363B-4C75-8683-F334D6F00D17}.Debug|x64.ActiveCfg = Debug|x86
		{E6AAE517-363B-4C75-8683-F334D6F00D17}.Debug|x86.ActiveCfg = Debug|x86
		{E6AAE517-363B-4C75-8683-F334D6F00D17}.Debug|x86.Build.0 = Debug|x86
		{E6AAE517-363B-4C75-8683-F334D6F00D17}.Release|Any CPU.ActiveCfg = Release|x86
		{E6AAE517-363B-4C75-8683-F334D6F00D17}.Release|Mixed Platforms.ActiveCfg = Release|x86
		{E6AAE517-363B-4C75-8683-F334D6F00D17}.Release|Mixed Platforms.Build.0 = Release|x86
		{E6AAE517-363B-4C75-8683-F334D6F00D17}.Release|x64.ActiveCfg = Release|x86
		{E6AAE517-363B-4C75-8683-F334D6F00D17}.Release|x86.ActiveCfg = Release|x86
		{E6AAE517-363B-4C75-8683-F334D6F00D17}.Release|x86.Build.0 = Release|x86
		{6ABED4DF-2688-4003-BD76-8626188BBE31}.Debug|Any CPU.ActiveCfg = Debug|Any CPU
		{6ABED4DF-2688-4003-BD76-8626188BBE31}.Debug|Any CPU.Build.0 = Debug|Any CPU
		{6ABED4DF-2688-4003-BD76-8626188BBE31}.Debug|Mixed Platforms.ActiveCfg = Debug|x86
		{6ABED4DF-2688-4003-BD76-8626188BBE31}.Debug|Mixed Platforms.Build.0 = Debug|x86
		{6ABED4DF-2688-4003-BD76-8626188BBE31}.Debug|x64.ActiveCfg = Debug|Any CPU
		{6ABED4DF-2688-4003-BD76-8626188BBE31}.Debug|x86.ActiveCfg = Debug|x86
		{6ABED4DF-2688-4003-BD76-8626188BBE31}.Debug|x86.Build.0 = Debug|x86
		{6ABED4DF-2688-4003-BD76-8626188BBE31}.Release|Any CPU.ActiveCfg = Release|Any CPU
		{6ABED4DF-2688-4003-BD76-8626188BBE31}.Release|Any CPU.Build.0 = Release|Any CPU
		{6ABED4DF-2688-4003-BD76-8626188BBE31}.Release|Mixed Platforms.ActiveCfg = Release|x86
		{6ABED4DF-2688-4003-BD76-8626188BBE31}.Release|Mixed Platforms.Build.0 = Release|x86
		{6ABED4DF-2688-4003-BD76-8626188BBE31}.Release|x64.ActiveCfg = Release|Any CPU
		{6ABED4DF-2688-4003-BD76-8626188BBE31}.Release|x86.ActiveCfg = Release|x86
		{6ABED4DF-2688-4003-BD76-8626188BBE31}.Release|x86.Build.0 = Release|x86
		{F90AAE7E-F5B2-4695-A1F0-6A8F00EDDAC9}.Debug|Any CPU.ActiveCfg = Debug|Any CPU
		{F90AAE7E-F5B2-4695-A1F0-6A8F00EDDAC9}.Debug|Any CPU.Build.0 = Debug|Any CPU
		{F90AAE7E-F5B2-4695-A1F0-6A8F00EDDAC9}.Debug|Mixed Platforms.ActiveCfg = Debug|x86
		{F90AAE7E-F5B2-4695-A1F0-6A8F00EDDAC9}.Debug|Mixed Platforms.Build.0 = Debug|x86
		{F90AAE7E-F5B2-4695-A1F0-6A8F00EDDAC9}.Debug|x64.ActiveCfg = Debug|Any CPU
		{F90AAE7E-F5B2-4695-A1F0-6A8F00EDDAC9}.Debug|x86.ActiveCfg = Debug|x86
		{F90AAE7E-F5B2-4695-A1F0-6A8F00EDDAC9}.Debug|x86.Build.0 = Debug|x86
		{F90AAE7E-F5B2-4695-A1F0-6A8F00EDDAC9}.Release|Any CPU.ActiveCfg = Release|Any CPU
		{F90AAE7E-F5B2-4695-A1F0-6A8F00EDDAC9}.Release|Any CPU.Build.0 = Release|Any CPU
		{F90AAE7E-F5B2-4695-A1F0-6A8F00EDDAC9}.Release|Mixed Platforms.ActiveCfg = Release|x86
		{F90AAE7E-F5B2-4695-A1F0-6A8F00EDDAC9}.Release|Mixed Platforms.Build.0 = Release|x86
		{F90AAE7E-F5B2-4695-A1F0-6A8F00EDDAC9}.Release|x64.ActiveCfg = Release|Any CPU
		{F90AAE7E-F5B2-4695-A1F0-6A8F00EDDAC9}.Release|x86.ActiveCfg = Release|x86
		{F90AAE7E-F5B2-4695-A1F0-6A8F00EDDAC9}.Release|x86.Build.0 = Release|x86
		{3786B85F-5556-41B8-A724-CA91CF854772}.Debug|Any CPU.ActiveCfg = Debug|Any CPU
		{3786B85F-5556-41B8-A724-CA91CF854772}.Debug|Any CPU.Build.0 = Debug|Any CPU
		{3786B85F-5556-41B8-A724-CA91CF854772}.Debug|Mixed Platforms.ActiveCfg = Debug|x86
		{3786B85F-5556-41B8-A724-CA91CF854772}.Debug|Mixed Platforms.Build.0 = Debug|x86
		{3786B85F-5556-41B8-A724-CA91CF854772}.Debug|x64.ActiveCfg = Debug|x64
		{3786B85F-5556-41B8-A724-CA91CF854772}.Debug|x64.Build.0 = Debug|x64
		{3786B85F-5556-41B8-A724-CA91CF854772}.Debug|x86.ActiveCfg = Debug|x86
		{3786B85F-5556-41B8-A724-CA91CF854772}.Debug|x86.Build.0 = Debug|x86
		{3786B85F-5556-41B8-A724-CA91CF854772}.Release|Any CPU.ActiveCfg = Release|Any CPU
		{3786B85F-5556-41B8-A724-CA91CF854772}.Release|Any CPU.Build.0 = Release|Any CPU
		{3786B85F-5556-41B8-A724-CA91CF854772}.Release|Mixed Platforms.ActiveCfg = Release|x86
		{3786B85F-5556-41B8-A724-CA91CF854772}.Release|Mixed Platforms.Build.0 = Release|x86
		{3786B85F-5556-41B8-A724-CA91CF854772}.Release|x64.ActiveCfg = Release|x64
		{3786B85F-5556-41B8-A724-CA91CF854772}.Release|x64.Build.0 = Release|x64
		{3786B85F-5556-41B8-A724-CA91CF854772}.Release|x86.ActiveCfg = Release|x86
		{3786B85F-5556-41B8-A724-CA91CF854772}.Release|x86.Build.0 = Release|x86
		{2061A36F-3F86-4623-BFC2-0937ED7AC463}.Debug|Any CPU.ActiveCfg = Debug|Any CPU
		{2061A36F-3F86-4623-BFC2-0937ED7AC463}.Debug|Any CPU.Build.0 = Debug|Any CPU
		{2061A36F-3F86-4623-BFC2-0937ED7AC463}.Debug|Mixed Platforms.ActiveCfg = Debug|x86
		{2061A36F-3F86-4623-BFC2-0937ED7AC463}.Debug|Mixed Platforms.Build.0 = Debug|x86
		{2061A36F-3F86-4623-BFC2-0937ED7AC463}.Debug|x64.ActiveCfg = Debug|x64
		{2061A36F-3F86-4623-BFC2-0937ED7AC463}.Debug|x64.Build.0 = Debug|x64
		{2061A36F-3F86-4623-BFC2-0937ED7AC463}.Debug|x86.ActiveCfg = Debug|x86
		{2061A36F-3F86-4623-BFC2-0937ED7AC463}.Debug|x86.Build.0 = Debug|x86
		{2061A36F-3F86-4623-BFC2-0937ED7AC463}.Release|Any CPU.ActiveCfg = Release|Any CPU
		{2061A36F-3F86-4623-BFC2-0937ED7AC463}.Release|Any CPU.Build.0 = Release|Any CPU
		{2061A36F-3F86-4623-BFC2-0937ED7AC463}.Release|Mixed Platforms.ActiveCfg = Release|x86
		{2061A36F-3F86-4623-BFC2-0937ED7AC463}.Release|Mixed Platforms.Build.0 = Release|x86
		{2061A36F-3F86-4623-BFC2-0937ED7AC463}.Release|x64.ActiveCfg = Release|x64
		{2061A36F-3F86-4623-BFC2-0937ED7AC463}.Release|x64.Build.0 = Release|x64
		{2061A36F-3F86-4623-BFC2-0937ED7AC463}.Release|x86.ActiveCfg = Release|x86
		{2061A36F-3F86-4623-BFC2-0937ED7AC463}.Release|x86.Build.0 = Release|x86
		{FC14C5EF-772A-4787-B57B-829DA1BEA265}.Debug|Any CPU.ActiveCfg = Debug|Any CPU
		{FC14C5EF-772A-4787-B57B-829DA1BEA265}.Debug|Any CPU.Build.0 = Debug|Any CPU
		{FC14C5EF-772A-4787-B57B-829DA1BEA265}.Debug|Mixed Platforms.ActiveCfg = Debug|x86
		{FC14C5EF-772A-4787-B57B-829DA1BEA265}.Debug|Mixed Platforms.Build.0 = Debug|x86
		{FC14C5EF-772A-4787-B57B-829DA1BEA265}.Debug|x64.ActiveCfg = Debug|x64
		{FC14C5EF-772A-4787-B57B-829DA1BEA265}.Debug|x64.Build.0 = Debug|x64
		{FC14C5EF-772A-4787-B57B-829DA1BEA265}.Debug|x86.ActiveCfg = Debug|x86
		{FC14C5EF-772A-4787-B57B-829DA1BEA265}.Debug|x86.Build.0 = Debug|x86
		{FC14C5EF-772A-4787-B57B-829DA1BEA265}.Release|Any CPU.ActiveCfg = Release|Any CPU
		{FC14C5EF-772A-4787-B57B-829DA1BEA265}.Release|Any CPU.Build.0 = Release|Any CPU
		{FC14C5EF-772A-4787-B57B-829DA1BEA265}.Release|Mixed Platforms.ActiveCfg = Release|x86
		{FC14C5EF-772A-4787-B57B-829DA1BEA265}.Release|Mixed Platforms.Build.0 = Release|x86
		{FC14C5EF-772A-4787-B57B-829DA1BEA265}.Release|x64.ActiveCfg = Release|x64
		{FC14C5EF-772A-4787-B57B-829DA1BEA265}.Release|x64.Build.0 = Release|x64
		{FC14C5EF-772A-4787-B57B-829DA1BEA265}.Release|x86.ActiveCfg = Release|x86
		{FC14C5EF-772A-4787-B57B-829DA1BEA265}.Release|x86.Build.0 = Release|x86
		{24FC0C0E-CE83-4669-BBA0-98FC46265FF9}.Debug|Any CPU.ActiveCfg = Debug|Any CPU
		{24FC0C0E-CE83-4669-BBA0-98FC46265FF9}.Debug|Any CPU.Build.0 = Debug|Any CPU
		{24FC0C0E-CE83-4669-BBA0-98FC46265FF9}.Debug|Mixed Platforms.ActiveCfg = Debug|x86
		{24FC0C0E-CE83-4669-BBA0-98FC46265FF9}.Debug|Mixed Platforms.Build.0 = Debug|x86
		{24FC0C0E-CE83-4669-BBA0-98FC46265FF9}.Debug|x64.ActiveCfg = Debug|x64
		{24FC0C0E-CE83-4669-BBA0-98FC46265FF9}.Debug|x64.Build.0 = Debug|x64
		{24FC0C0E-CE83-4669-BBA0-98FC46265FF9}.Debug|x86.ActiveCfg = Debug|x86
		{24FC0C0E-CE83-4669-BBA0-98FC46265FF9}.Debug|x86.Build.0 = Debug|x86
		{24FC0C0E-CE83-4669-BBA0-98FC46265FF9}.Release|Any CPU.ActiveCfg = Release|Any CPU
		{24FC0C0E-CE83-4669-BBA0-98FC46265FF9}.Release|Any CPU.Build.0 = Release|Any CPU
		{24FC0C0E-CE83-4669-BBA0-98FC46265FF9}.Release|Mixed Platforms.ActiveCfg = Release|x86
		{24FC0C0E-CE83-4669-BBA0-98FC46265FF9}.Release|Mixed Platforms.Build.0 = Release|x86
		{24FC0C0E-CE83-4669-BBA0-98FC46265FF9}.Release|x64.ActiveCfg = Release|x64
		{24FC0C0E-CE83-4669-BBA0-98FC46265FF9}.Release|x64.Build.0 = Release|x64
		{24FC0C0E-CE83-4669-BBA0-98FC46265FF9}.Release|x86.ActiveCfg = Release|x86
		{24FC0C0E-CE83-4669-BBA0-98FC46265FF9}.Release|x86.Build.0 = Release|x86
		{51C2D916-7238-4D6F-AE27-AB3A4669EA18}.Debug|Any CPU.ActiveCfg = Debug|Any CPU
		{51C2D916-7238-4D6F-AE27-AB3A4669EA18}.Debug|Any CPU.Build.0 = Debug|Any CPU
		{51C2D916-7238-4D6F-AE27-AB3A4669EA18}.Debug|Mixed Platforms.ActiveCfg = Debug|x86
		{51C2D916-7238-4D6F-AE27-AB3A4669EA18}.Debug|Mixed Platforms.Build.0 = Debug|x86
		{51C2D916-7238-4D6F-AE27-AB3A4669EA18}.Debug|x64.ActiveCfg = Debug|x64
		{51C2D916-7238-4D6F-AE27-AB3A4669EA18}.Debug|x64.Build.0 = Debug|x64
		{51C2D916-7238-4D6F-AE27-AB3A4669EA18}.Debug|x86.ActiveCfg = Debug|x86
		{51C2D916-7238-4D6F-AE27-AB3A4669EA18}.Debug|x86.Build.0 = Debug|x86
		{51C2D916-7238-4D6F-AE27-AB3A4669EA18}.Release|Any CPU.ActiveCfg = Release|Any CPU
		{51C2D916-7238-4D6F-AE27-AB3A4669EA18}.Release|Any CPU.Build.0 = Release|Any CPU
		{51C2D916-7238-4D6F-AE27-AB3A4669EA18}.Release|Mixed Platforms.ActiveCfg = Release|x86
		{51C2D916-7238-4D6F-AE27-AB3A4669EA18}.Release|Mixed Platforms.Build.0 = Release|x86
		{51C2D916-7238-4D6F-AE27-AB3A4669EA18}.Release|x64.ActiveCfg = Release|x64
		{51C2D916-7238-4D6F-AE27-AB3A4669EA18}.Release|x64.Build.0 = Release|x64
		{51C2D916-7238-4D6F-AE27-AB3A4669EA18}.Release|x86.ActiveCfg = Release|x86
		{51C2D916-7238-4D6F-AE27-AB3A4669EA18}.Release|x86.Build.0 = Release|x86
		{06FC6E0D-D6E7-4395-9D85-0E99C4707955}.Debug|Any CPU.ActiveCfg = Debug|Any CPU
		{06FC6E0D-D6E7-4395-9D85-0E99C4707955}.Debug|Any CPU.Build.0 = Debug|Any CPU
		{06FC6E0D-D6E7-4395-9D85-0E99C4707955}.Debug|Mixed Platforms.ActiveCfg = Debug|x86
		{06FC6E0D-D6E7-4395-9D85-0E99C4707955}.Debug|Mixed Platforms.Build.0 = Debug|x86
		{06FC6E0D-D6E7-4395-9D85-0E99C4707955}.Debug|x64.ActiveCfg = Debug|x64
		{06FC6E0D-D6E7-4395-9D85-0E99C4707955}.Debug|x64.Build.0 = Debug|x64
		{06FC6E0D-D6E7-4395-9D85-0E99C4707955}.Debug|x86.ActiveCfg = Debug|x86
		{06FC6E0D-D6E7-4395-9D85-0E99C4707955}.Debug|x86.Build.0 = Debug|x86
		{06FC6E0D-D6E7-4395-9D85-0E99C4707955}.Release|Any CPU.ActiveCfg = Release|Any CPU
		{06FC6E0D-D6E7-4395-9D85-0E99C4707955}.Release|Any CPU.Build.0 = Release|Any CPU
		{06FC6E0D-D6E7-4395-9D85-0E99C4707955}.Release|Mixed Platforms.ActiveCfg = Release|x86
		{06FC6E0D-D6E7-4395-9D85-0E99C4707955}.Release|Mixed Platforms.Build.0 = Release|x86
		{06FC6E0D-D6E7-4395-9D85-0E99C4707955}.Release|x64.ActiveCfg = Release|x64
		{06FC6E0D-D6E7-4395-9D85-0E99C4707955}.Release|x64.Build.0 = Release|x64
		{06FC6E0D-D6E7-4395-9D85-0E99C4707955}.Release|x86.ActiveCfg = Release|x86
		{06FC6E0D-D6E7-4395-9D85-0E99C4707955}.Release|x86.Build.0 = Release|x86
		{2F5B0C3F-CF92-4E5D-A580-6494D7874641}.Debug|Any CPU.ActiveCfg = Debug|Any CPU
		{2F5B0C3F-CF92-4E5D-A580-6494D7874641}.Debug|Any CPU.Build.0 = Debug|Any CPU
		{2F5B0C3F-CF92-4E5D-A580-6494D7874641}.Debug|Mixed Platforms.ActiveCfg = Debug|x86
		{2F5B0C3F-CF92-4E5D-A580-6494D7874641}.Debug|Mixed Platforms.Build.0 = Debug|x86
		{2F5B0C3F-CF92-4E5D-A580-6494D7874641}.Debug|x64.ActiveCfg = Debug|x64
		{2F5B0C3F-CF92-4E5D-A580-6494D7874641}.Debug|x64.Build.0 = Debug|x64
		{2F5B0C3F-CF92-4E5D-A580-6494D7874641}.Debug|x86.ActiveCfg = Debug|x86
		{2F5B0C3F-CF92-4E5D-A580-6494D7874641}.Debug|x86.Build.0 = Debug|x86
		{2F5B0C3F-CF92-4E5D-A580-6494D7874641}.Release|Any CPU.ActiveCfg = Release|Any CPU
		{2F5B0C3F-CF92-4E5D-A580-6494D7874641}.Release|Any CPU.Build.0 = Release|Any CPU
		{2F5B0C3F-CF92-4E5D-A580-6494D7874641}.Release|Mixed Platforms.ActiveCfg = Release|x86
		{2F5B0C3F-CF92-4E5D-A580-6494D7874641}.Release|Mixed Platforms.Build.0 = Release|x86
		{2F5B0C3F-CF92-4E5D-A580-6494D7874641}.Release|x64.ActiveCfg = Release|x64
		{2F5B0C3F-CF92-4E5D-A580-6494D7874641}.Release|x64.Build.0 = Release|x64
		{2F5B0C3F-CF92-4E5D-A580-6494D7874641}.Release|x86.ActiveCfg = Release|x86
		{2F5B0C3F-CF92-4E5D-A580-6494D7874641}.Release|x86.Build.0 = Release|x86
		{AB296E6B-D0F6-4E8F-AC25-27DBD2BEA609}.Debug|Any CPU.ActiveCfg = Debug|Any CPU
		{AB296E6B-D0F6-4E8F-AC25-27DBD2BEA609}.Debug|Any CPU.Build.0 = Debug|Any CPU
		{AB296E6B-D0F6-4E8F-AC25-27DBD2BEA609}.Debug|Mixed Platforms.ActiveCfg = Debug|x86
		{AB296E6B-D0F6-4E8F-AC25-27DBD2BEA609}.Debug|Mixed Platforms.Build.0 = Debug|x86
		{AB296E6B-D0F6-4E8F-AC25-27DBD2BEA609}.Debug|x64.ActiveCfg = Debug|x64
		{AB296E6B-D0F6-4E8F-AC25-27DBD2BEA609}.Debug|x64.Build.0 = Debug|x64
		{AB296E6B-D0F6-4E8F-AC25-27DBD2BEA609}.Debug|x86.ActiveCfg = Debug|x86
		{AB296E6B-D0F6-4E8F-AC25-27DBD2BEA609}.Debug|x86.Build.0 = Debug|x86
		{AB296E6B-D0F6-4E8F-AC25-27DBD2BEA609}.Release|Any CPU.ActiveCfg = Release|Any CPU
		{AB296E6B-D0F6-4E8F-AC25-27DBD2BEA609}.Release|Any CPU.Build.0 = Release|Any CPU
		{AB296E6B-D0F6-4E8F-AC25-27DBD2BEA609}.Release|Mixed Platforms.ActiveCfg = Release|x86
		{AB296E6B-D0F6-4E8F-AC25-27DBD2BEA609}.Release|Mixed Platforms.Build.0 = Release|x86
		{AB296E6B-D0F6-4E8F-AC25-27DBD2BEA609}.Release|x64.ActiveCfg = Release|x64
		{AB296E6B-D0F6-4E8F-AC25-27DBD2BEA609}.Release|x64.Build.0 = Release|x64
		{AB296E6B-D0F6-4E8F-AC25-27DBD2BEA609}.Release|x86.ActiveCfg = Release|x86
		{AB296E6B-D0F6-4E8F-AC25-27DBD2BEA609}.Release|x86.Build.0 = Release|x86
		{0226485F-D0D3-4BB0-8A4D-720AE52A24C5}.Debug|Any CPU.ActiveCfg = Debug|Any CPU
		{0226485F-D0D3-4BB0-8A4D-720AE52A24C5}.Debug|Any CPU.Build.0 = Debug|Any CPU
		{0226485F-D0D3-4BB0-8A4D-720AE52A24C5}.Debug|Mixed Platforms.ActiveCfg = Debug|x86
		{0226485F-D0D3-4BB0-8A4D-720AE52A24C5}.Debug|Mixed Platforms.Build.0 = Debug|x86
		{0226485F-D0D3-4BB0-8A4D-720AE52A24C5}.Debug|x64.ActiveCfg = Debug|x64
		{0226485F-D0D3-4BB0-8A4D-720AE52A24C5}.Debug|x64.Build.0 = Debug|x64
		{0226485F-D0D3-4BB0-8A4D-720AE52A24C5}.Debug|x86.ActiveCfg = Debug|x86
		{0226485F-D0D3-4BB0-8A4D-720AE52A24C5}.Debug|x86.Build.0 = Debug|x86
		{0226485F-D0D3-4BB0-8A4D-720AE52A24C5}.Release|Any CPU.ActiveCfg = Release|Any CPU
		{0226485F-D0D3-4BB0-8A4D-720AE52A24C5}.Release|Any CPU.Build.0 = Release|Any CPU
		{0226485F-D0D3-4BB0-8A4D-720AE52A24C5}.Release|Mixed Platforms.ActiveCfg = Release|x86
		{0226485F-D0D3-4BB0-8A4D-720AE52A24C5}.Release|Mixed Platforms.Build.0 = Release|x86
		{0226485F-D0D3-4BB0-8A4D-720AE52A24C5}.Release|x64.ActiveCfg = Release|x64
		{0226485F-D0D3-4BB0-8A4D-720AE52A24C5}.Release|x64.Build.0 = Release|x64
		{0226485F-D0D3-4BB0-8A4D-720AE52A24C5}.Release|x86.ActiveCfg = Release|x86
		{0226485F-D0D3-4BB0-8A4D-720AE52A24C5}.Release|x86.Build.0 = Release|x86
		{E7547979-19C1-4083-871B-1FD1C3C87377}.Debug|Any CPU.ActiveCfg = Debug|Any CPU
		{E7547979-19C1-4083-871B-1FD1C3C87377}.Debug|Any CPU.Build.0 = Debug|Any CPU
		{E7547979-19C1-4083-871B-1FD1C3C87377}.Debug|Mixed Platforms.ActiveCfg = Debug|x86
		{E7547979-19C1-4083-871B-1FD1C3C87377}.Debug|Mixed Platforms.Build.0 = Debug|x86
		{E7547979-19C1-4083-871B-1FD1C3C87377}.Debug|x64.ActiveCfg = Debug|x64
		{E7547979-19C1-4083-871B-1FD1C3C87377}.Debug|x64.Build.0 = Debug|x64
		{E7547979-19C1-4083-871B-1FD1C3C87377}.Debug|x86.ActiveCfg = Debug|x86
		{E7547979-19C1-4083-871B-1FD1C3C87377}.Debug|x86.Build.0 = Debug|x86
		{E7547979-19C1-4083-871B-1FD1C3C87377}.Release|Any CPU.ActiveCfg = Release|Any CPU
		{E7547979-19C1-4083-871B-1FD1C3C87377}.Release|Any CPU.Build.0 = Release|Any CPU
		{E7547979-19C1-4083-871B-1FD1C3C87377}.Release|Mixed Platforms.ActiveCfg = Release|x86
		{E7547979-19C1-4083-871B-1FD1C3C87377}.Release|Mixed Platforms.Build.0 = Release|x86
		{E7547979-19C1-4083-871B-1FD1C3C87377}.Release|x64.ActiveCfg = Release|x64
		{E7547979-19C1-4083-871B-1FD1C3C87377}.Release|x64.Build.0 = Release|x64
		{E7547979-19C1-4083-871B-1FD1C3C87377}.Release|x86.ActiveCfg = Release|x86
		{E7547979-19C1-4083-871B-1FD1C3C87377}.Release|x86.Build.0 = Release|x86
		{35EA4A2A-01E9-4496-A515-A5B8A494C6FC}.Debug|Any CPU.ActiveCfg = Debug|x64
		{35EA4A2A-01E9-4496-A515-A5B8A494C6FC}.Debug|Any CPU.Build.0 = Debug|x64
		{35EA4A2A-01E9-4496-A515-A5B8A494C6FC}.Debug|Mixed Platforms.ActiveCfg = Debug|x86
		{35EA4A2A-01E9-4496-A515-A5B8A494C6FC}.Debug|Mixed Platforms.Build.0 = Debug|x86
		{35EA4A2A-01E9-4496-A515-A5B8A494C6FC}.Debug|x64.ActiveCfg = Debug|x64
		{35EA4A2A-01E9-4496-A515-A5B8A494C6FC}.Debug|x64.Build.0 = Debug|x64
		{35EA4A2A-01E9-4496-A515-A5B8A494C6FC}.Debug|x86.ActiveCfg = Debug|x86
		{35EA4A2A-01E9-4496-A515-A5B8A494C6FC}.Debug|x86.Build.0 = Debug|x86
		{35EA4A2A-01E9-4496-A515-A5B8A494C6FC}.Release|Any CPU.ActiveCfg = Release|x64
		{35EA4A2A-01E9-4496-A515-A5B8A494C6FC}.Release|Mixed Platforms.ActiveCfg = Release|x86
		{35EA4A2A-01E9-4496-A515-A5B8A494C6FC}.Release|Mixed Platforms.Build.0 = Release|x86
		{35EA4A2A-01E9-4496-A515-A5B8A494C6FC}.Release|x64.ActiveCfg = Release|x64
		{35EA4A2A-01E9-4496-A515-A5B8A494C6FC}.Release|x64.Build.0 = Release|x64
		{35EA4A2A-01E9-4496-A515-A5B8A494C6FC}.Release|x86.ActiveCfg = Release|x86
		{35EA4A2A-01E9-4496-A515-A5B8A494C6FC}.Release|x86.Build.0 = Release|x86
		{E8CBCF8C-FEEA-46A0-B2D2-A6AE824D4BFF}.Debug|Any CPU.ActiveCfg = Debug|x64
		{E8CBCF8C-FEEA-46A0-B2D2-A6AE824D4BFF}.Debug|Any CPU.Build.0 = Debug|x64
		{E8CBCF8C-FEEA-46A0-B2D2-A6AE824D4BFF}.Debug|Mixed Platforms.ActiveCfg = Debug|x86
		{E8CBCF8C-FEEA-46A0-B2D2-A6AE824D4BFF}.Debug|Mixed Platforms.Build.0 = Debug|x86
		{E8CBCF8C-FEEA-46A0-B2D2-A6AE824D4BFF}.Debug|x64.ActiveCfg = Debug|x64
		{E8CBCF8C-FEEA-46A0-B2D2-A6AE824D4BFF}.Debug|x64.Build.0 = Debug|x64
		{E8CBCF8C-FEEA-46A0-B2D2-A6AE824D4BFF}.Debug|x86.ActiveCfg = Debug|x86
		{E8CBCF8C-FEEA-46A0-B2D2-A6AE824D4BFF}.Debug|x86.Build.0 = Debug|x86
		{E8CBCF8C-FEEA-46A0-B2D2-A6AE824D4BFF}.Release|Any CPU.ActiveCfg = Release|x64
		{E8CBCF8C-FEEA-46A0-B2D2-A6AE824D4BFF}.Release|Mixed Platforms.ActiveCfg = Release|x86
		{E8CBCF8C-FEEA-46A0-B2D2-A6AE824D4BFF}.Release|Mixed Platforms.Build.0 = Release|x86
		{E8CBCF8C-FEEA-46A0-B2D2-A6AE824D4BFF}.Release|x64.ActiveCfg = Release|x64
		{E8CBCF8C-FEEA-46A0-B2D2-A6AE824D4BFF}.Release|x64.Build.0 = Release|x64
		{E8CBCF8C-FEEA-46A0-B2D2-A6AE824D4BFF}.Release|x86.ActiveCfg = Release|x86
		{E8CBCF8C-FEEA-46A0-B2D2-A6AE824D4BFF}.Release|x86.Build.0 = Release|x86
		{9E3D323F-69DB-4DA4-99AD-6705CC50D6A9}.Debug|Any CPU.ActiveCfg = Debug|x64
		{9E3D323F-69DB-4DA4-99AD-6705CC50D6A9}.Debug|Any CPU.Build.0 = Debug|x64
		{9E3D323F-69DB-4DA4-99AD-6705CC50D6A9}.Debug|Mixed Platforms.ActiveCfg = Debug|x86
		{9E3D323F-69DB-4DA4-99AD-6705CC50D6A9}.Debug|Mixed Platforms.Build.0 = Debug|x86
		{9E3D323F-69DB-4DA4-99AD-6705CC50D6A9}.Debug|x64.ActiveCfg = Debug|x64
		{9E3D323F-69DB-4DA4-99AD-6705CC50D6A9}.Debug|x64.Build.0 = Debug|x64
		{9E3D323F-69DB-4DA4-99AD-6705CC50D6A9}.Debug|x86.ActiveCfg = Debug|x86
		{9E3D323F-69DB-4DA4-99AD-6705CC50D6A9}.Debug|x86.Build.0 = Debug|x86
		{9E3D323F-69DB-4DA4-99AD-6705CC50D6A9}.Release|Any CPU.ActiveCfg = Release|x64
		{9E3D323F-69DB-4DA4-99AD-6705CC50D6A9}.Release|Mixed Platforms.ActiveCfg = Release|x86
		{9E3D323F-69DB-4DA4-99AD-6705CC50D6A9}.Release|Mixed Platforms.Build.0 = Release|x86
		{9E3D323F-69DB-4DA4-99AD-6705CC50D6A9}.Release|x64.ActiveCfg = Release|x64
		{9E3D323F-69DB-4DA4-99AD-6705CC50D6A9}.Release|x64.Build.0 = Release|x64
		{9E3D323F-69DB-4DA4-99AD-6705CC50D6A9}.Release|x86.ActiveCfg = Release|x86
		{9E3D323F-69DB-4DA4-99AD-6705CC50D6A9}.Release|x86.Build.0 = Release|x86
		{453D9679-F2B1-45BD-A25A-BB9D724EFD92}.Debug|Any CPU.ActiveCfg = Debug|x64
		{453D9679-F2B1-45BD-A25A-BB9D724EFD92}.Debug|Any CPU.Build.0 = Debug|x64
		{453D9679-F2B1-45BD-A25A-BB9D724EFD92}.Debug|Mixed Platforms.ActiveCfg = Debug|x86
		{453D9679-F2B1-45BD-A25A-BB9D724EFD92}.Debug|Mixed Platforms.Build.0 = Debug|x86
		{453D9679-F2B1-45BD-A25A-BB9D724EFD92}.Debug|x64.ActiveCfg = Debug|x64
		{453D9679-F2B1-45BD-A25A-BB9D724EFD92}.Debug|x64.Build.0 = Debug|x64
		{453D9679-F2B1-45BD-A25A-BB9D724EFD92}.Debug|x86.ActiveCfg = Debug|x86
		{453D9679-F2B1-45BD-A25A-BB9D724EFD92}.Debug|x86.Build.0 = Debug|x86
		{453D9679-F2B1-45BD-A25A-BB9D724EFD92}.Release|Any CPU.ActiveCfg = Release|x64
		{453D9679-F2B1-45BD-A25A-BB9D724EFD92}.Release|Mixed Platforms.ActiveCfg = Release|x86
		{453D9679-F2B1-45BD-A25A-BB9D724EFD92}.Release|Mixed Platforms.Build.0 = Release|x86
		{453D9679-F2B1-45BD-A25A-BB9D724EFD92}.Release|x64.ActiveCfg = Release|x64
		{453D9679-F2B1-45BD-A25A-BB9D724EFD92}.Release|x64.Build.0 = Release|x64
		{453D9679-F2B1-45BD-A25A-BB9D724EFD92}.Release|x86.ActiveCfg = Release|x86
		{453D9679-F2B1-45BD-A25A-BB9D724EFD92}.Release|x86.Build.0 = Release|x86
		{E72398D4-B9F0-4F09-BD65-AB7561CF26FC}.Debug|Any CPU.ActiveCfg = Debug|x64
		{E72398D4-B9F0-4F09-BD65-AB7561CF26FC}.Debug|Any CPU.Build.0 = Debug|x64
		{E72398D4-B9F0-4F09-BD65-AB7561CF26FC}.Debug|Mixed Platforms.ActiveCfg = Debug|x86
		{E72398D4-B9F0-4F09-BD65-AB7561CF26FC}.Debug|Mixed Platforms.Build.0 = Debug|x86
		{E72398D4-B9F0-4F09-BD65-AB7561CF26FC}.Debug|x64.ActiveCfg = Debug|x64
		{E72398D4-B9F0-4F09-BD65-AB7561CF26FC}.Debug|x64.Build.0 = Debug|x64
		{E72398D4-B9F0-4F09-BD65-AB7561CF26FC}.Debug|x86.ActiveCfg = Debug|x86
		{E72398D4-B9F0-4F09-BD65-AB7561CF26FC}.Debug|x86.Build.0 = Debug|x86
		{E72398D4-B9F0-4F09-BD65-AB7561CF26FC}.Release|Any CPU.ActiveCfg = Release|x64
		{E72398D4-B9F0-4F09-BD65-AB7561CF26FC}.Release|Mixed Platforms.ActiveCfg = Release|x86
		{E72398D4-B9F0-4F09-BD65-AB7561CF26FC}.Release|Mixed Platforms.Build.0 = Release|x86
		{E72398D4-B9F0-4F09-BD65-AB7561CF26FC}.Release|x64.ActiveCfg = Release|x64
		{E72398D4-B9F0-4F09-BD65-AB7561CF26FC}.Release|x64.Build.0 = Release|x64
		{E72398D4-B9F0-4F09-BD65-AB7561CF26FC}.Release|x86.ActiveCfg = Release|x86
		{E72398D4-B9F0-4F09-BD65-AB7561CF26FC}.Release|x86.Build.0 = Release|x86
		{809DFDF0-739E-4053-AA1F-AA4103BCD0F8}.Debug|Any CPU.ActiveCfg = Debug|x64
		{809DFDF0-739E-4053-AA1F-AA4103BCD0F8}.Debug|Any CPU.Build.0 = Debug|x64
		{809DFDF0-739E-4053-AA1F-AA4103BCD0F8}.Debug|Mixed Platforms.ActiveCfg = Debug|x86
		{809DFDF0-739E-4053-AA1F-AA4103BCD0F8}.Debug|Mixed Platforms.Build.0 = Debug|x86
		{809DFDF0-739E-4053-AA1F-AA4103BCD0F8}.Debug|x64.ActiveCfg = Debug|x64
		{809DFDF0-739E-4053-AA1F-AA4103BCD0F8}.Debug|x64.Build.0 = Debug|x64
		{809DFDF0-739E-4053-AA1F-AA4103BCD0F8}.Debug|x86.ActiveCfg = Debug|x86
		{809DFDF0-739E-4053-AA1F-AA4103BCD0F8}.Debug|x86.Build.0 = Debug|x86
		{809DFDF0-739E-4053-AA1F-AA4103BCD0F8}.Release|Any CPU.ActiveCfg = Release|x64
		{809DFDF0-739E-4053-AA1F-AA4103BCD0F8}.Release|Mixed Platforms.ActiveCfg = Release|x86
		{809DFDF0-739E-4053-AA1F-AA4103BCD0F8}.Release|Mixed Platforms.Build.0 = Release|x86
		{809DFDF0-739E-4053-AA1F-AA4103BCD0F8}.Release|x64.ActiveCfg = Release|x64
		{809DFDF0-739E-4053-AA1F-AA4103BCD0F8}.Release|x64.Build.0 = Release|x64
		{809DFDF0-739E-4053-AA1F-AA4103BCD0F8}.Release|x86.ActiveCfg = Release|x86
		{809DFDF0-739E-4053-AA1F-AA4103BCD0F8}.Release|x86.Build.0 = Release|x86
		{5E72C5B1-7215-4E03-BD03-415AD2169AE4}.Debug|Any CPU.ActiveCfg = Debug|x64
		{5E72C5B1-7215-4E03-BD03-415AD2169AE4}.Debug|Any CPU.Build.0 = Debug|x64
		{5E72C5B1-7215-4E03-BD03-415AD2169AE4}.Debug|Mixed Platforms.ActiveCfg = Debug|x86
		{5E72C5B1-7215-4E03-BD03-415AD2169AE4}.Debug|Mixed Platforms.Build.0 = Debug|x86
		{5E72C5B1-7215-4E03-BD03-415AD2169AE4}.Debug|x64.ActiveCfg = Debug|x64
		{5E72C5B1-7215-4E03-BD03-415AD2169AE4}.Debug|x64.Build.0 = Debug|x64
		{5E72C5B1-7215-4E03-BD03-415AD2169AE4}.Debug|x86.ActiveCfg = Debug|x86
		{5E72C5B1-7215-4E03-BD03-415AD2169AE4}.Debug|x86.Build.0 = Debug|x86
		{5E72C5B1-7215-4E03-BD03-415AD2169AE4}.Release|Any CPU.ActiveCfg = Release|x64
		{5E72C5B1-7215-4E03-BD03-415AD2169AE4}.Release|Mixed Platforms.ActiveCfg = Release|x86
		{5E72C5B1-7215-4E03-BD03-415AD2169AE4}.Release|Mixed Platforms.Build.0 = Release|x86
		{5E72C5B1-7215-4E03-BD03-415AD2169AE4}.Release|x64.ActiveCfg = Release|x64
		{5E72C5B1-7215-4E03-BD03-415AD2169AE4}.Release|x64.Build.0 = Release|x64
		{5E72C5B1-7215-4E03-BD03-415AD2169AE4}.Release|x86.ActiveCfg = Release|x86
		{5E72C5B1-7215-4E03-BD03-415AD2169AE4}.Release|x86.Build.0 = Release|x86
		{07809E87-0420-40F6-B872-055A0118E678}.Debug|Any CPU.ActiveCfg = Debug|x64
		{07809E87-0420-40F6-B872-055A0118E678}.Debug|Any CPU.Build.0 = Debug|x64
		{07809E87-0420-40F6-B872-055A0118E678}.Debug|Mixed Platforms.ActiveCfg = Debug|x86
		{07809E87-0420-40F6-B872-055A0118E678}.Debug|Mixed Platforms.Build.0 = Debug|x86
		{07809E87-0420-40F6-B872-055A0118E678}.Debug|x64.ActiveCfg = Debug|x64
		{07809E87-0420-40F6-B872-055A0118E678}.Debug|x64.Build.0 = Debug|x64
		{07809E87-0420-40F6-B872-055A0118E678}.Debug|x86.ActiveCfg = Debug|x86
		{07809E87-0420-40F6-B872-055A0118E678}.Debug|x86.Build.0 = Debug|x86
		{07809E87-0420-40F6-B872-055A0118E678}.Release|Any CPU.ActiveCfg = Release|x64
		{07809E87-0420-40F6-B872-055A0118E678}.Release|Mixed Platforms.ActiveCfg = Release|x86
		{07809E87-0420-40F6-B872-055A0118E678}.Release|Mixed Platforms.Build.0 = Release|x86
		{07809E87-0420-40F6-B872-055A0118E678}.Release|x64.ActiveCfg = Release|x64
		{07809E87-0420-40F6-B872-055A0118E678}.Release|x64.Build.0 = Release|x64
		{07809E87-0420-40F6-B872-055A0118E678}.Release|x86.ActiveCfg = Release|x86
		{07809E87-0420-40F6-B872-055A0118E678}.Release|x86.Build.0 = Release|x86
		{DC6BEF0C-E565-4974-ACE4-3DAEE66D6972}.Debug|Any CPU.ActiveCfg = Debug|x64
		{DC6BEF0C-E565-4974-ACE4-3DAEE66D6972}.Debug|Any CPU.Build.0 = Debug|x64
		{DC6BEF0C-E565-4974-ACE4-3DAEE66D6972}.Debug|Mixed Platforms.ActiveCfg = Debug|x86
		{DC6BEF0C-E565-4974-ACE4-3DAEE66D6972}.Debug|Mixed Platforms.Build.0 = Debug|x86
		{DC6BEF0C-E565-4974-ACE4-3DAEE66D6972}.Debug|x64.ActiveCfg = Debug|x64
		{DC6BEF0C-E565-4974-ACE4-3DAEE66D6972}.Debug|x64.Build.0 = Debug|x64
		{DC6BEF0C-E565-4974-ACE4-3DAEE66D6972}.Debug|x86.ActiveCfg = Debug|x86
		{DC6BEF0C-E565-4974-ACE4-3DAEE66D6972}.Debug|x86.Build.0 = Debug|x86
		{DC6BEF0C-E565-4974-ACE4-3DAEE66D6972}.Release|Any CPU.ActiveCfg = Release|x64
		{DC6BEF0C-E565-4974-ACE4-3DAEE66D6972}.Release|Mixed Platforms.ActiveCfg = Release|x86
		{DC6BEF0C-E565-4974-ACE4-3DAEE66D6972}.Release|Mixed Platforms.Build.0 = Release|x86
		{DC6BEF0C-E565-4974-ACE4-3DAEE66D6972}.Release|x64.ActiveCfg = Release|x64
		{DC6BEF0C-E565-4974-ACE4-3DAEE66D6972}.Release|x64.Build.0 = Release|x64
		{DC6BEF0C-E565-4974-ACE4-3DAEE66D6972}.Release|x86.ActiveCfg = Release|x86
		{DC6BEF0C-E565-4974-ACE4-3DAEE66D6972}.Release|x86.Build.0 = Release|x86
	EndGlobalSection
	GlobalSection(SolutionProperties) = preSolution
		HideSolutionNode = FALSE
	EndGlobalSection
	GlobalSection(NestedProjects) = preSolution
		{6C2A34A5-D01F-43D0-9612-6DD9341CDFB4} = {277A13C3-8261-4C0F-873E-0175433AA0AA}
		{1EE15D7C-6895-450D-BE68-786F0D6833C0} = {277A13C3-8261-4C0F-873E-0175433AA0AA}
		{4666CBA9-5AC7-4AE5-B44E-9DF87CA39EA2} = {277A13C3-8261-4C0F-873E-0175433AA0AA}
		{987AC18E-CC5A-44EE-BD40-EE58C13F87BA} = {277A13C3-8261-4C0F-873E-0175433AA0AA}
		{A4B0E775-AD46-4155-B3C4-C7B8ED22A54D} = {277A13C3-8261-4C0F-873E-0175433AA0AA}
		{777E717E-5542-4EA8-A420-EA46DE59CCF7} = {31CF6FB2-C7BE-4835-97EC-1799FFEE3EBA}
		{C32391FC-078F-4A8D-ABF2-4A66AB816C9D} = {31CF6FB2-C7BE-4835-97EC-1799FFEE3EBA}
		{846BA2DA-86AE-4AFD-97C0-CB067ABD740E} = {31CF6FB2-C7BE-4835-97EC-1799FFEE3EBA}
		{040E72DC-773E-4002-9E5C-9871791CD430} = {31CF6FB2-C7BE-4835-97EC-1799FFEE3EBA}
		{9DDE74BD-DCE3-4EC6-AFBA-A48A4969F438} = {31CF6FB2-C7BE-4835-97EC-1799FFEE3EBA}
		{CDB8EE10-CAA1-402F-B5D7-CA27AD72478D} = {31CF6FB2-C7BE-4835-97EC-1799FFEE3EBA}
		{F90AAE7E-F5B2-4695-A1F0-6A8F00EDDAC9} = {31CF6FB2-C7BE-4835-97EC-1799FFEE3EBA}
		{55137FE6-62FC-49C8-BFBD-31443323F7AB} = {9DF2F39D-AB7E-47CB-AA34-C506B506FCDF}
		{22FCC78D-157E-4809-B2A4-98F90B5B4C66} = {9DF2F39D-AB7E-47CB-AA34-C506B506FCDF}
		{6CDA8299-53C3-4E67-B623-EB27355E12AE} = {9DF2F39D-AB7E-47CB-AA34-C506B506FCDF}
		{54A8054A-7CF0-4A22-93C0-D2EE1767408A} = {9DF2F39D-AB7E-47CB-AA34-C506B506FCDF}
		{E6AAE517-363B-4C75-8683-F334D6F00D17} = {9DF2F39D-AB7E-47CB-AA34-C506B506FCDF}
		{6ABED4DF-2688-4003-BD76-8626188BBE31} = {9DF2F39D-AB7E-47CB-AA34-C506B506FCDF}
		{5F5D964C-F905-4BC1-8981-147FA3824A1B} = {05CEC270-38F8-4C86-993D-5EE6D85D65DC}
		{C2BF762D-7268-4DD3-95EE-31B8ABBA3CBB} = {CB7A967A-D5D0-4F7F-AFA2-AE5089D4DCDD}
		{3BC70A81-854B-4737-92C4-A7EC7EF2A2E5} = {2FF03F0C-379C-45EC-8DD3-E1D8BDBD29ED}
		{2541D3F3-7BC1-435A-826E-9F3C18D5E39C} = {A1960269-4160-4AA3-A57C-B878882BEC51}
		{3786B85F-5556-41B8-A724-CA91CF854772} = {5F5D964C-F905-4BC1-8981-147FA3824A1B}
		{2061A36F-3F86-4623-BFC2-0937ED7AC463} = {5F5D964C-F905-4BC1-8981-147FA3824A1B}
		{FC14C5EF-772A-4787-B57B-829DA1BEA265} = {5F5D964C-F905-4BC1-8981-147FA3824A1B}
		{24FC0C0E-CE83-4669-BBA0-98FC46265FF9} = {5F5D964C-F905-4BC1-8981-147FA3824A1B}
		{51C2D916-7238-4D6F-AE27-AB3A4669EA18} = {C2BF762D-7268-4DD3-95EE-31B8ABBA3CBB}
		{06FC6E0D-D6E7-4395-9D85-0E99C4707955} = {C2BF762D-7268-4DD3-95EE-31B8ABBA3CBB}
		{2F5B0C3F-CF92-4E5D-A580-6494D7874641} = {C2BF762D-7268-4DD3-95EE-31B8ABBA3CBB}
		{AB296E6B-D0F6-4E8F-AC25-27DBD2BEA609} = {C2BF762D-7268-4DD3-95EE-31B8ABBA3CBB}
		{0226485F-D0D3-4BB0-8A4D-720AE52A24C5} = {C2BF762D-7268-4DD3-95EE-31B8ABBA3CBB}
		{35EA4A2A-01E9-4496-A515-A5B8A494C6FC} = {C2BF762D-7268-4DD3-95EE-31B8ABBA3CBB}
		{E7547979-19C1-4083-871B-1FD1C3C87377} = {3BC70A81-854B-4737-92C4-A7EC7EF2A2E5}
		{E8CBCF8C-FEEA-46A0-B2D2-A6AE824D4BFF} = {2541D3F3-7BC1-435A-826E-9F3C18D5E39C}
		{9E3D323F-69DB-4DA4-99AD-6705CC50D6A9} = {2541D3F3-7BC1-435A-826E-9F3C18D5E39C}
		{453D9679-F2B1-45BD-A25A-BB9D724EFD92} = {2541D3F3-7BC1-435A-826E-9F3C18D5E39C}
		{E72398D4-B9F0-4F09-BD65-AB7561CF26FC} = {2541D3F3-7BC1-435A-826E-9F3C18D5E39C}
		{809DFDF0-739E-4053-AA1F-AA4103BCD0F8} = {2541D3F3-7BC1-435A-826E-9F3C18D5E39C}
		{5E72C5B1-7215-4E03-BD03-415AD2169AE4} = {2541D3F3-7BC1-435A-826E-9F3C18D5E39C}
		{07809E87-0420-40F6-B872-055A0118E678} = {2541D3F3-7BC1-435A-826E-9F3C18D5E39C}
		{DC6BEF0C-E565-4974-ACE4-3DAEE66D6972} = {2541D3F3-7BC1-435A-826E-9F3C18D5E39C}
	EndGlobalSection
EndGlobal
